// !$*UTF8*$!
{
	archiveVersion = 1;
	classes = {
	};
	objectVersion = 50;
	objects = {

/* Begin PBXBuildFile section */
		5E421717268A615A00FA3070 /* AppDelegate.m in Sources */ = {isa = PBXBuildFile; fileRef = 5E421716268A615A00FA3070 /* AppDelegate.m */; };
		5E42171A268A615A00FA3070 /* SceneDelegate.m in Sources */ = {isa = PBXBuildFile; fileRef = 5E421719268A615A00FA3070 /* SceneDelegate.m */; };
		5E42171D268A615A00FA3070 /* ViewController.m in Sources */ = {isa = PBXBuildFile; fileRef = 5E42171C268A615A00FA3070 /* ViewController.m */; };
		5E421720268A615A00FA3070 /* Main.storyboard in Resources */ = {isa = PBXBuildFile; fileRef = 5E42171E268A615A00FA3070 /* Main.storyboard */; };
		5E421722268A615B00FA3070 /* Assets.xcassets in Resources */ = {isa = PBXBuildFile; fileRef = 5E421721268A615B00FA3070 /* Assets.xcassets */; };
		5E421725268A615B00FA3070 /* LaunchScreen.storyboard in Resources */ = {isa = PBXBuildFile; fileRef = 5E421723268A615B00FA3070 /* LaunchScreen.storyboard */; };
		5E421728268A615B00FA3070 /* main.m in Sources */ = {isa = PBXBuildFile; fileRef = 5E421727268A615B00FA3070 /* main.m */; };
		5E421732268A615B00FA3070 /* TwitterTests.m in Sources */ = {isa = PBXBuildFile; fileRef = 5E421731268A615B00FA3070 /* TwitterTests.m */; };
		5E42173D268A615B00FA3070 /* TwitterUITests.m in Sources */ = {isa = PBXBuildFile; fileRef = 5E42173C268A615B00FA3070 /* TwitterUITests.m */; };
/* End PBXBuildFile section */

/* Begin PBXContainerItemProxy section */
		5E42172E268A615B00FA3070 /* PBXContainerItemProxy */ = {
			isa = PBXContainerItemProxy;
			containerPortal = 5E42170A268A615A00FA3070 /* Project object */;
			proxyType = 1;
			remoteGlobalIDString = 5E421711268A615A00FA3070;
			remoteInfo = Twitter;
		};
		5E421739268A615B00FA3070 /* PBXContainerItemProxy */ = {
			isa = PBXContainerItemProxy;
			containerPortal = 5E42170A268A615A00FA3070 /* Project object */;
			proxyType = 1;
			remoteGlobalIDString = 5E421711268A615A00FA3070;
			remoteInfo = Twitter;
		};
/* End PBXContainerItemProxy section */

/* Begin PBXFileReference section */
		5E421712268A615A00FA3070 /* Twitter.app */ = {isa = PBXFileReference; explicitFileType = wrapper.application; includeInIndex = 0; path = Twitter.app; sourceTree = BUILT_PRODUCTS_DIR; };
		5E421715268A615A00FA3070 /* AppDelegate.h */ = {isa = PBXFileReference; lastKnownFileType = sourcecode.c.h; path = AppDelegate.h; sourceTree = "<group>"; };
		5E421716268A615A00FA3070 /* AppDelegate.m */ = {isa = PBXFileReference; lastKnownFileType = sourcecode.c.objc; path = AppDelegate.m; sourceTree = "<group>"; };
		5E421718268A615A00FA3070 /* SceneDelegate.h */ = {isa = PBXFileReference; lastKnownFileType = sourcecode.c.h; path = SceneDelegate.h; sourceTree = "<group>"; };
		5E421719268A615A00FA3070 /* SceneDelegate.m */ = {isa = PBXFileReference; lastKnownFileType = sourcecode.c.objc; path = SceneDelegate.m; sourceTree = "<group>"; };
		5E42171B268A615A00FA3070 /* ViewController.h */ = {isa = PBXFileReference; lastKnownFileType = sourcecode.c.h; path = ViewController.h; sourceTree = "<group>"; };
		5E42171C268A615A00FA3070 /* ViewController.m */ = {isa = PBXFileReference; lastKnownFileType = sourcecode.c.objc; path = ViewController.m; sourceTree = "<group>"; };
		5E42171F268A615A00FA3070 /* Base */ = {isa = PBXFileReference; lastKnownFileType = file.storyboard; name = Base; path = Base.lproj/Main.storyboard; sourceTree = "<group>"; };
		5E421721268A615B00FA3070 /* Assets.xcassets */ = {isa = PBXFileReference; lastKnownFileType = folder.assetcatalog; path = Assets.xcassets; sourceTree = "<group>"; };
		5E421724268A615B00FA3070 /* Base */ = {isa = PBXFileReference; lastKnownFileType = file.storyboard; name = Base; path = Base.lproj/LaunchScreen.storyboard; sourceTree = "<group>"; };
		5E421726268A615B00FA3070 /* Info.plist */ = {isa = PBXFileReference; lastKnownFileType = text.plist.xml; path = Info.plist; sourceTree = "<group>"; };
		5E421727268A615B00FA3070 /* main.m */ = {isa = PBXFileReference; lastKnownFileType = sourcecode.c.objc; path = main.m; sourceTree = "<group>"; };
		5E42172D268A615B00FA3070 /* TwitterTests.xctest */ = {isa = PBXFileReference; explicitFileType = wrapper.cfbundle; includeInIndex = 0; path = TwitterTests.xctest; sourceTree = BUILT_PRODUCTS_DIR; };
		5E421731268A615B00FA3070 /* TwitterTests.m */ = {isa = PBXFileReference; lastKnownFileType = sourcecode.c.objc; path = TwitterTests.m; sourceTree = "<group>"; };
		5E421733268A615B00FA3070 /* Info.plist */ = {isa = PBXFileReference; lastKnownFileType = text.plist.xml; path = Info.plist; sourceTree = "<group>"; };
		5E421738268A615B00FA3070 /* TwitterUITests.xctest */ = {isa = PBXFileReference; explicitFileType = wrapper.cfbundle; includeInIndex = 0; path = TwitterUITests.xctest; sourceTree = BUILT_PRODUCTS_DIR; };
		5E42173C268A615B00FA3070 /* TwitterUITests.m */ = {isa = PBXFileReference; lastKnownFileType = sourcecode.c.objc; path = TwitterUITests.m; sourceTree = "<group>"; };
		5E42173E268A615B00FA3070 /* Info.plist */ = {isa = PBXFileReference; lastKnownFileType = text.plist.xml; path = Info.plist; sourceTree = "<group>"; };
/* End PBXFileReference section */

/* Begin PBXFrameworksBuildPhase section */
		5E42170F268A615A00FA3070 /* Frameworks */ = {
			isa = PBXFrameworksBuildPhase;
			buildActionMask = 2147483647;
			files = (
			);
			runOnlyForDeploymentPostprocessing = 0;
		};
		5E42172A268A615B00FA3070 /* Frameworks */ = {
			isa = PBXFrameworksBuildPhase;
			buildActionMask = 2147483647;
			files = (
			);
			runOnlyForDeploymentPostprocessing = 0;
		};
		5E421735268A615B00FA3070 /* Frameworks */ = {
			isa = PBXFrameworksBuildPhase;
			buildActionMask = 2147483647;
			files = (
			);
			runOnlyForDeploymentPostprocessing = 0;
		};
/* End PBXFrameworksBuildPhase section */

/* Begin PBXGroup section */
		5E421709268A615A00FA3070 = {
			isa = PBXGroup;
			children = (
				5E421714268A615A00FA3070 /* Twitter */,
				5E421730268A615B00FA3070 /* TwitterTests */,
				5E42173B268A615B00FA3070 /* TwitterUITests */,
				5E421713268A615A00FA3070 /* Products */,
			);
			sourceTree = "<group>";
		};
		5E421713268A615A00FA3070 /* Products */ = {
			isa = PBXGroup;
			children = (
				5E421712268A615A00FA3070 /* Twitter.app */,
				5E42172D268A615B00FA3070 /* TwitterTests.xctest */,
				5E421738268A615B00FA3070 /* TwitterUITests.xctest */,
			);
			name = Products;
			sourceTree = "<group>";
		};
		5E421714268A615A00FA3070 /* Twitter */ = {
			isa = PBXGroup;
			children = (
				5E421715268A615A00FA3070 /* AppDelegate.h */,
				5E421716268A615A00FA3070 /* AppDelegate.m */,
				5E421718268A615A00FA3070 /* SceneDelegate.h */,
				5E421719268A615A00FA3070 /* SceneDelegate.m */,
				5E42171B268A615A00FA3070 /* ViewController.h */,
				5E42171C268A615A00FA3070 /* ViewController.m */,
				5E42171E268A615A00FA3070 /* Main.storyboard */,
				5E421721268A615B00FA3070 /* Assets.xcassets */,
				5E421723268A615B00FA3070 /* LaunchScreen.storyboard */,
				5E421726268A615B00FA3070 /* Info.plist */,
				5E421727268A615B00FA3070 /* main.m */,
			);
			path = Twitter;
			sourceTree = "<group>";
		};
		5E421730268A615B00FA3070 /* TwitterTests */ = {
			isa = PBXGroup;
			children = (
				5E421731268A615B00FA3070 /* TwitterTests.m */,
				5E421733268A615B00FA3070 /* Info.plist */,
			);
			path = TwitterTests;
			sourceTree = "<group>";
		};
		5E42173B268A615B00FA3070 /* TwitterUITests */ = {
			isa = PBXGroup;
			children = (
				5E42173C268A615B00FA3070 /* TwitterUITests.m */,
				5E42173E268A615B00FA3070 /* Info.plist */,
			);
			path = TwitterUITests;
			sourceTree = "<group>";
		};
/* End PBXGroup section */

/* Begin PBXNativeTarget section */
		5E421711268A615A00FA3070 /* Twitter */ = {
			isa = PBXNativeTarget;
			buildConfigurationList = 5E421741268A615B00FA3070 /* Build configuration list for PBXNativeTarget "Twitter" */;
			buildPhases = (
				5E42170E268A615A00FA3070 /* Sources */,
				5E42170F268A615A00FA3070 /* Frameworks */,
				5E421710268A615A00FA3070 /* Resources */,
			);
			buildRules = (
			);
			dependencies = (
			);
			name = Twitter;
			productName = Twitter;
			productReference = 5E421712268A615A00FA3070 /* Twitter.app */;
			productType = "com.apple.product-type.application";
		};
		5E42172C268A615B00FA3070 /* TwitterTests */ = {
			isa = PBXNativeTarget;
			buildConfigurationList = 5E421744268A615B00FA3070 /* Build configuration list for PBXNativeTarget "TwitterTests" */;
			buildPhases = (
				5E421729268A615B00FA3070 /* Sources */,
				5E42172A268A615B00FA3070 /* Frameworks */,
				5E42172B268A615B00FA3070 /* Resources */,
			);
			buildRules = (
			);
			dependencies = (
				5E42172F268A615B00FA3070 /* PBXTargetDependency */,
			);
			name = TwitterTests;
			productName = TwitterTests;
			productReference = 5E42172D268A615B00FA3070 /* TwitterTests.xctest */;
			productType = "com.apple.product-type.bundle.unit-test";
		};
		5E421737268A615B00FA3070 /* TwitterUITests */ = {
			isa = PBXNativeTarget;
			buildConfigurationList = 5E421747268A615B00FA3070 /* Build configuration list for PBXNativeTarget "TwitterUITests" */;
			buildPhases = (
				5E421734268A615B00FA3070 /* Sources */,
				5E421735268A615B00FA3070 /* Frameworks */,
				5E421736268A615B00FA3070 /* Resources */,
			);
			buildRules = (
			);
			dependencies = (
				5E42173A268A615B00FA3070 /* PBXTargetDependency */,
			);
			name = TwitterUITests;
			productName = TwitterUITests;
			productReference = 5E421738268A615B00FA3070 /* TwitterUITests.xctest */;
			productType = "com.apple.product-type.bundle.ui-testing";
		};
/* End PBXNativeTarget section */

/* Begin PBXProject section */
		5E42170A268A615A00FA3070 /* Project object */ = {
			isa = PBXProject;
			attributes = {
				LastUpgradeCheck = 1250;
				TargetAttributes = {
					5E421711268A615A00FA3070 = {
						CreatedOnToolsVersion = 12.5.1;
					};
					5E42172C268A615B00FA3070 = {
						CreatedOnToolsVersion = 12.5.1;
						TestTargetID = 5E421711268A615A00FA3070;
					};
					5E421737268A615B00FA3070 = {
						CreatedOnToolsVersion = 12.5.1;
						TestTargetID = 5E421711268A615A00FA3070;
					};
				};
			};
			buildConfigurationList = 5E42170D268A615A00FA3070 /* Build configuration list for PBXProject "Twitter" */;
			compatibilityVersion = "Xcode 9.3";
			developmentRegion = en;
			hasScannedForEncodings = 0;
			knownRegions = (
				en,
				Base,
			);
			mainGroup = 5E421709268A615A00FA3070;
			productRefGroup = 5E421713268A615A00FA3070 /* Products */;
			projectDirPath = "";
			projectRoot = "";
			targets = (
				5E421711268A615A00FA3070 /* Twitter */,
				5E42172C268A615B00FA3070 /* TwitterTests */,
				5E421737268A615B00FA3070 /* TwitterUITests */,
			);
		};
/* End PBXProject section */

/* Begin PBXResourcesBuildPhase section */
		5E421710268A615A00FA3070 /* Resources */ = {
			isa = PBXResourcesBuildPhase;
			buildActionMask = 2147483647;
			files = (
				5E421725268A615B00FA3070 /* LaunchScreen.storyboard in Resources */,
				5E421722268A615B00FA3070 /* Assets.xcassets in Resources */,
				5E421720268A615A00FA3070 /* Main.storyboard in Resources */,
			);
			runOnlyForDeploymentPostprocessing = 0;
		};
		5E42172B268A615B00FA3070 /* Resources */ = {
			isa = PBXResourcesBuildPhase;
			buildActionMask = 2147483647;
			files = (
			);
			runOnlyForDeploymentPostprocessing = 0;
		};
		5E421736268A615B00FA3070 /* Resources */ = {
			isa = PBXResourcesBuildPhase;
			buildActionMask = 2147483647;
			files = (
			);
			runOnlyForDeploymentPostprocessing = 0;
		};
/* End PBXResourcesBuildPhase section */

/* Begin PBXSourcesBuildPhase section */
		5E42170E268A615A00FA3070 /* Sources */ = {
			isa = PBXSourcesBuildPhase;
			buildActionMask = 2147483647;
			files = (
				5E42171D268A615A00FA3070 /* ViewController.m in Sources */,
				5E421717268A615A00FA3070 /* AppDelegate.m in Sources */,
				5E421728268A615B00FA3070 /* main.m in Sources */,
				5E42171A268A615A00FA3070 /* SceneDelegate.m in Sources */,
			);
			runOnlyForDeploymentPostprocessing = 0;
		};
		5E421729268A615B00FA3070 /* Sources */ = {
			isa = PBXSourcesBuildPhase;
			buildActionMask = 2147483647;
			files = (
				5E421732268A615B00FA3070 /* TwitterTests.m in Sources */,
			);
			runOnlyForDeploymentPostprocessing = 0;
		};
		5E421734268A615B00FA3070 /* Sources */ = {
			isa = PBXSourcesBuildPhase;
			buildActionMask = 2147483647;
			files = (
				5E42173D268A615B00FA3070 /* TwitterUITests.m in Sources */,
			);
			runOnlyForDeploymentPostprocessing = 0;
		};
/* End PBXSourcesBuildPhase section */

/* Begin PBXTargetDependency section */
		5E42172F268A615B00FA3070 /* PBXTargetDependency */ = {
			isa = PBXTargetDependency;
			target = 5E421711268A615A00FA3070 /* Twitter */;
			targetProxy = 5E42172E268A615B00FA3070 /* PBXContainerItemProxy */;
		};
		5E42173A268A615B00FA3070 /* PBXTargetDependency */ = {
			isa = PBXTargetDependency;
			target = 5E421711268A615A00FA3070 /* Twitter */;
			targetProxy = 5E421739268A615B00FA3070 /* PBXContainerItemProxy */;
		};
/* End PBXTargetDependency section */

/* Begin PBXVariantGroup section */
		5E42171E268A615A00FA3070 /* Main.storyboard */ = {
			isa = PBXVariantGroup;
			children = (
				5E42171F268A615A00FA3070 /* Base */,
			);
			name = Main.storyboard;
			sourceTree = "<group>";
		};
		5E421723268A615B00FA3070 /* LaunchScreen.storyboard */ = {
			isa = PBXVariantGroup;
			children = (
				5E421724268A615B00FA3070 /* Base */,
			);
			name = LaunchScreen.storyboard;
			sourceTree = "<group>";
		};
/* End PBXVariantGroup section */

/* Begin XCBuildConfiguration section */
		5E42173F268A615B00FA3070 /* Debug */ = {
			isa = XCBuildConfiguration;
			buildSettings = {
				ALWAYS_SEARCH_USER_PATHS = NO;
				CLANG_ANALYZER_NONNULL = YES;
				CLANG_ANALYZER_NUMBER_OBJECT_CONVERSION = YES_AGGRESSIVE;
				CLANG_CXX_LANGUAGE_STANDARD = "gnu++14";
				CLANG_CXX_LIBRARY = "libc++";
				CLANG_ENABLE_MODULES = YES;
				CLANG_ENABLE_OBJC_ARC = YES;
				CLANG_ENABLE_OBJC_WEAK = YES;
				CLANG_WARN_BLOCK_CAPTURE_AUTORELEASING = YES;
				CLANG_WARN_BOOL_CONVERSION = YES;
				CLANG_WARN_COMMA = YES;
				CLANG_WARN_CONSTANT_CONVERSION = YES;
				CLANG_WARN_DEPRECATED_OBJC_IMPLEMENTATIONS = YES;
				CLANG_WARN_DIRECT_OBJC_ISA_USAGE = YES_ERROR;
				CLANG_WARN_DOCUMENTATION_COMMENTS = YES;
				CLANG_WARN_EMPTY_BODY = YES;
				CLANG_WARN_ENUM_CONVERSION = YES;
				CLANG_WARN_INFINITE_RECURSION = YES;
				CLANG_WARN_INT_CONVERSION = YES;
				CLANG_WARN_NON_LITERAL_NULL_CONVERSION = YES;
				CLANG_WARN_OBJC_IMPLICIT_RETAIN_SELF = YES;
				CLANG_WARN_OBJC_LITERAL_CONVERSION = YES;
				CLANG_WARN_OBJC_ROOT_CLASS = YES_ERROR;
				CLANG_WARN_QUOTED_INCLUDE_IN_FRAMEWORK_HEADER = YES;
				CLANG_WARN_RANGE_LOOP_ANALYSIS = YES;
				CLANG_WARN_STRICT_PROTOTYPES = YES;
				CLANG_WARN_SUSPICIOUS_MOVE = YES;
				CLANG_WARN_UNGUARDED_AVAILABILITY = YES_AGGRESSIVE;
				CLANG_WARN_UNREACHABLE_CODE = YES;
				CLANG_WARN__DUPLICATE_METHOD_MATCH = YES;
				COPY_PHASE_STRIP = NO;
				DEBUG_INFORMATION_FORMAT = dwarf;
				ENABLE_STRICT_OBJC_MSGSEND = YES;
				ENABLE_TESTABILITY = YES;
				GCC_C_LANGUAGE_STANDARD = gnu11;
				GCC_DYNAMIC_NO_PIC = NO;
				GCC_NO_COMMON_BLOCKS = YES;
				GCC_OPTIMIZATION_LEVEL = 0;
				GCC_PREPROCESSOR_DEFINITIONS = (
					"DEBUG=1",
					"$(inherited)",
				);
				GCC_WARN_64_TO_32_BIT_CONVERSION = YES;
				GCC_WARN_ABOUT_RETURN_TYPE = YES_ERROR;
				GCC_WARN_UNDECLARED_SELECTOR = YES;
				GCC_WARN_UNINITIALIZED_AUTOS = YES_AGGRESSIVE;
				GCC_WARN_UNUSED_FUNCTION = YES;
				GCC_WARN_UNUSED_VARIABLE = YES;
				IPHONEOS_DEPLOYMENT_TARGET = 14.5;
				MTL_ENABLE_DEBUG_INFO = INCLUDE_SOURCE;
				MTL_FAST_MATH = YES;
				ONLY_ACTIVE_ARCH = YES;
				SDKROOT = iphoneos;
			};
			name = Debug;
		};
		5E421740268A615B00FA3070 /* Release */ = {
			isa = XCBuildConfiguration;
			buildSettings = {
				ALWAYS_SEARCH_USER_PATHS = NO;
				CLANG_ANALYZER_NONNULL = YES;
				CLANG_ANALYZER_NUMBER_OBJECT_CONVERSION = YES_AGGRESSIVE;
				CLANG_CXX_LANGUAGE_STANDARD = "gnu++14";
				CLANG_CXX_LIBRARY = "libc++";
				CLANG_ENABLE_MODULES = YES;
				CLANG_ENABLE_OBJC_ARC = YES;
				CLANG_ENABLE_OBJC_WEAK = YES;
				CLANG_WARN_BLOCK_CAPTURE_AUTORELEASING = YES;
				CLANG_WARN_BOOL_CONVERSION = YES;
				CLANG_WARN_COMMA = YES;
				CLANG_WARN_CONSTANT_CONVERSION = YES;
				CLANG_WARN_DEPRECATED_OBJC_IMPLEMENTATIONS = YES;
				CLANG_WARN_DIRECT_OBJC_ISA_USAGE = YES_ERROR;
				CLANG_WARN_DOCUMENTATION_COMMENTS = YES;
				CLANG_WARN_EMPTY_BODY = YES;
				CLANG_WARN_ENUM_CONVERSION = YES;
				CLANG_WARN_INFINITE_RECURSION = YES;
				CLANG_WARN_INT_CONVERSION = YES;
				CLANG_WARN_NON_LITERAL_NULL_CONVERSION = YES;
				CLANG_WARN_OBJC_IMPLICIT_RETAIN_SELF = YES;
				CLANG_WARN_OBJC_LITERAL_CONVERSION = YES;
				CLANG_WARN_OBJC_ROOT_CLASS = YES_ERROR;
				CLANG_WARN_QUOTED_INCLUDE_IN_FRAMEWORK_HEADER = YES;
				CLANG_WARN_RANGE_LOOP_ANALYSIS = YES;
				CLANG_WARN_STRICT_PROTOTYPES = YES;
				CLANG_WARN_SUSPICIOUS_MOVE = YES;
				CLANG_WARN_UNGUARDED_AVAILABILITY = YES_AGGRESSIVE;
				CLANG_WARN_UNREACHABLE_CODE = YES;
				CLANG_WARN__DUPLICATE_METHOD_MATCH = YES;
				COPY_PHASE_STRIP = NO;
				DEBUG_INFORMATION_FORMAT = "dwarf-with-dsym";
				ENABLE_NS_ASSERTIONS = NO;
				ENABLE_STRICT_OBJC_MSGSEND = YES;
				GCC_C_LANGUAGE_STANDARD = gnu11;
				GCC_NO_COMMON_BLOCKS = YES;
				GCC_WARN_64_TO_32_BIT_CONVERSION = YES;
				GCC_WARN_ABOUT_RETURN_TYPE = YES_ERROR;
				GCC_WARN_UNDECLARED_SELECTOR = YES;
				GCC_WARN_UNINITIALIZED_AUTOS = YES_AGGRESSIVE;
				GCC_WARN_UNUSED_FUNCTION = YES;
				GCC_WARN_UNUSED_VARIABLE = YES;
				IPHONEOS_DEPLOYMENT_TARGET = 14.5;
				MTL_ENABLE_DEBUG_INFO = NO;
				MTL_FAST_MATH = YES;
				SDKROOT = iphoneos;
				VALIDATE_PRODUCT = YES;
			};
			name = Release;
		};
		5E421742268A615B00FA3070 /* Debug */ = {
			isa = XCBuildConfiguration;
			buildSettings = {
				ASSETCATALOG_COMPILER_APPICON_NAME = AppIcon;
				ASSETCATALOG_COMPILER_GLOBAL_ACCENT_COLOR_NAME = AccentColor;
				CODE_SIGN_STYLE = Automatic;
				DEVELOPMENT_TEAM = 6PHVC92C5H;
				INFOPLIST_FILE = Twitter/Info.plist;
				LD_RUNPATH_SEARCH_PATHS = (
					"$(inherited)",
					"@executable_path/Frameworks",
				);
				PRODUCT_BUNDLE_IDENTIFIER = com.elisaj.Twitter;
				PRODUCT_NAME = "$(TARGET_NAME)";
				TARGETED_DEVICE_FAMILY = "1,2";
			};
			name = Debug;
		};
		5E421743268A615B00FA3070 /* Release */ = {
			isa = XCBuildConfiguration;
			buildSettings = {
				ASSETCATALOG_COMPILER_APPICON_NAME = AppIcon;
				ASSETCATALOG_COMPILER_GLOBAL_ACCENT_COLOR_NAME = AccentColor;
				CODE_SIGN_STYLE = Automatic;
				DEVELOPMENT_TEAM = 6PHVC92C5H;
				INFOPLIST_FILE = Twitter/Info.plist;
				LD_RUNPATH_SEARCH_PATHS = (
					"$(inherited)",
					"@executable_path/Frameworks",
				);
				PRODUCT_BUNDLE_IDENTIFIER = com.elisaj.Twitter;
				PRODUCT_NAME = "$(TARGET_NAME)";
				TARGETED_DEVICE_FAMILY = "1,2";
			};
			name = Release;
		};
		5E421745268A615B00FA3070 /* Debug */ = {
			isa = XCBuildConfiguration;
			buildSettings = {
				BUNDLE_LOADER = "$(TEST_HOST)";
				CODE_SIGN_STYLE = Automatic;
				DEVELOPMENT_TEAM = 6PHVC92C5H;
				INFOPLIST_FILE = TwitterTests/Info.plist;
				IPHONEOS_DEPLOYMENT_TARGET = 14.5;
				LD_RUNPATH_SEARCH_PATHS = (
					"$(inherited)",
					"@executable_path/Frameworks",
					"@loader_path/Frameworks",
				);
				PRODUCT_BUNDLE_IDENTIFIER = com.elisaj.TwitterTests;
				PRODUCT_NAME = "$(TARGET_NAME)";
				TARGETED_DEVICE_FAMILY = "1,2";
				TEST_HOST = "$(BUILT_PRODUCTS_DIR)/Twitter.app/Twitter";
			};
			name = Debug;
		};
		5E421746268A615B00FA3070 /* Release */ = {
			isa = XCBuildConfiguration;
			buildSettings = {
				BUNDLE_LOADER = "$(TEST_HOST)";
				CODE_SIGN_STYLE = Automatic;
				DEVELOPMENT_TEAM = 6PHVC92C5H;
				INFOPLIST_FILE = TwitterTests/Info.plist;
				IPHONEOS_DEPLOYMENT_TARGET = 14.5;
				LD_RUNPATH_SEARCH_PATHS = (
					"$(inherited)",
					"@executable_path/Frameworks",
					"@loader_path/Frameworks",
				);
				PRODUCT_BUNDLE_IDENTIFIER = com.elisaj.TwitterTests;
				PRODUCT_NAME = "$(TARGET_NAME)";
				TARGETED_DEVICE_FAMILY = "1,2";
				TEST_HOST = "$(BUILT_PRODUCTS_DIR)/Twitter.app/Twitter";
			};
			name = Release;
		};
		5E421748268A615B00FA3070 /* Debug */ = {
			isa = XCBuildConfiguration;
			buildSettings = {
				CODE_SIGN_STYLE = Automatic;
				DEVELOPMENT_TEAM = 6PHVC92C5H;
				INFOPLIST_FILE = TwitterUITests/Info.plist;
				LD_RUNPATH_SEARCH_PATHS = (
					"$(inherited)",
					"@executable_path/Frameworks",
					"@loader_path/Frameworks",
				);
				PRODUCT_BUNDLE_IDENTIFIER = com.elisaj.TwitterUITests;
				PRODUCT_NAME = "$(TARGET_NAME)";
				TARGETED_DEVICE_FAMILY = "1,2";
				TEST_TARGET_NAME = Twitter;
			};
			name = Debug;
		};
		5E421749268A615B00FA3070 /* Release */ = {
			isa = XCBuildConfiguration;
			buildSettings = {
				CODE_SIGN_STYLE = Automatic;
				DEVELOPMENT_TEAM = 6PHVC92C5H;
				INFOPLIST_FILE = TwitterUITests/Info.plist;
				LD_RUNPATH_SEARCH_PATHS = (
					"$(inherited)",
					"@executable_path/Frameworks",
					"@loader_path/Frameworks",
				);
				PRODUCT_BUNDLE_IDENTIFIER = com.elisaj.TwitterUITests;
				PRODUCT_NAME = "$(TARGET_NAME)";
				TARGETED_DEVICE_FAMILY = "1,2";
				TEST_TARGET_NAME = Twitter;
			};
			name = Release;
		};
/* End XCBuildConfiguration section */

/* Begin XCConfigurationList section */
		5E42170D268A615A00FA3070 /* Build configuration list for PBXProject "Twitter" */ = {
			isa = XCConfigurationList;
			buildConfigurations = (
				5E42173F268A615B00FA3070 /* Debug */,
				5E421740268A615B00FA3070 /* Release */,
			);
			defaultConfigurationIsVisible = 0;
			defaultConfigurationName = Release;
		};
		5E421741268A615B00FA3070 /* Build configuration list for PBXNativeTarget "Twitter" */ = {
			isa = XCConfigurationList;
			buildConfigurations = (
				5E421742268A615B00FA3070 /* Debug */,
				5E421743268A615B00FA3070 /* Release */,
			);
			defaultConfigurationIsVisible = 0;
			defaultConfigurationName = Release;
		};
		5E421744268A615B00FA3070 /* Build configuration list for PBXNativeTarget "TwitterTests" */ = {
			isa = XCConfigurationList;
			buildConfigurations = (
				5E421745268A615B00FA3070 /* Debug */,
				5E421746268A615B00FA3070 /* Release */,
			);
			defaultConfigurationIsVisible = 0;
			defaultConfigurationName = Release;
		};
		5E421747268A615B00FA3070 /* Build configuration list for PBXNativeTarget "TwitterUITests" */ = {
			isa = XCConfigurationList;
			buildConfigurations = (
				5E421748268A615B00FA3070 /* Debug */,
				5E421749268A615B00FA3070 /* Release */,
			);
			defaultConfigurationIsVisible = 0;
			defaultConfigurationName = Release;
		};
/* End XCConfigurationList section */
	};
	rootObject = 5E42170A268A615A00FA3070 /* Project object */;
}
